
Microsoft Visual Studio Solution File, Format Version 12.00
# Visual Studio 15
Project("{FAE04EC0-301F-11D3-BF4B-00C04F79EFBC}") = "Unity.Timeline", "Unity.Timeline.csproj", "{C37BE60F-0931-85FD-1B6A-EC7600E4C33D}"
EndProject
Project("{FAE04EC0-301F-11D3-BF4B-00C04F79EFBC}") = "Unity.Timeline.Editor", "Unity.Timeline.Editor.csproj", "{F4EC942D-AF3F-4F28-08EB-5093CB05CF22}"
EndProject
Project("{FAE04EC0-301F-11D3-BF4B-00C04F79EFBC}") = "Unity.2D.Tilemap.Editor", "Unity.2D.Tilemap.Editor.csproj", "{947D07DB-159A-3E0B-9F86-B12709F8F541}"
EndProject
Project("{FAE04EC0-301F-11D3-BF4B-00C04F79EFBC}") = "Unity.TextMeshPro.Editor", "Unity.TextMeshPro.Editor.csproj", "{DCB73260-EED3-CE7C-7207-9B8F16A0D20A}"
EndProject
Project("{FAE04EC0-301F-11D3-BF4B-00C04F79EFBC}") = "Unity.PlasticSCM.Editor", "Unity.PlasticSCM.Editor.csproj", "{D21B9F4C-852B-8FFF-8D5A-6818011FF2CA}"
EndProject
Project("{FAE04EC0-301F-11D3-BF4B-00C04F79EFBC}") = "Unity.InputSystem", "Unity.InputSystem.csproj", "{E479A0C9-BA8D-ABE3-6FD0-4D682DD66A73}"
EndProject
Project("{FAE04EC0-301F-11D3-BF4B-00C04F79EFBC}") = "Unity.2D.Aseprite.Editor", "Unity.2D.Aseprite.Editor.csproj", "{7C911DA4-2B30-DB75-E6C8-F0710BC4B96B}"
EndProject
Project("{FAE04EC0-301F-11D3-BF4B-00C04F79EFBC}") = "Unity.VisualScripting.Flow", "Unity.VisualScripting.Flow.csproj", "{51A1569B-51CB-2B0D-4979-9BCD4498DF21}"
EndProject
Project("{FAE04EC0-301F-11D3-BF4B-00C04F79EFBC}") = "UnityEditor.UI", "UnityEditor.UI.csproj", "{6D40385E-1412-E554-0E11-1901F94C43C8}"
EndProject
Project("{FAE04EC0-301F-11D3-BF4B-00C04F79EFBC}") = "Unity.2D.Psdimporter.Editor", "Unity.2D.Psdimporter.Editor.csproj", "{0F003DC6-72A2-4380-CFF8-8628F3FAE2BD}"
EndProject
Project("{FAE04EC0-301F-11D3-BF4B-00C04F79EFBC}") = "Assembly-CSharp-Editor", "Assembly-CSharp-Editor.csproj", "{8BB713FE-0287-3E0B-53DD-C8A6EBD5F8A3}"
EndProject
Project("{FAE04EC0-301F-11D3-BF4B-00C04F79EFBC}") = "Unity.VisualScripting.Core", "Unity.VisualScripting.Core.csproj", "{6DD864ED-4BB7-8DEE-FBBE-F76DF2AE5F82}"
EndProject
Project("{FAE04EC0-301F-11D3-BF4B-00C04F79EFBC}") = "Unity.Mathematics", "Unity.Mathematics.csproj", "{BD91B864-DBA6-86AB-DAB7-56BB5461EBCD}"
EndProject
Project("{FAE04EC0-301F-11D3-BF4B-00C04F79EFBC}") = "Unity.2D.Common.Path.Editor", "Unity.2D.Common.Path.Editor.csproj", "{27C68D2D-A85F-6714-AE2D-6993C41DB5DF}"
EndProject
Project("{FAE04EC0-301F-11D3-BF4B-00C04F79EFBC}") = "Unity.2D.Animation.Editor", "Unity.2D.Animation.Editor.csproj", "{5D25D0A2-ABF3-7583-31F3-6DACBBE5B144}"
EndProject
Project("{FAE04EC0-301F-11D3-BF4B-00C04F79EFBC}") = "Cinemachine", "Cinemachine.csproj", "{E5E06494-48EF-6AFE-466F-8ABDCEB492A0}"
EndProject
Project("{FAE04EC0-301F-11D3-BF4B-00C04F79EFBC}") = "Unity.VisualScripting.Core.Editor", "Unity.VisualScripting.Core.Editor.csproj", "{42BB33DE-5589-BBB5-6826-5ED21C5B3751}"
EndProject
Project("{FAE04EC0-301F-11D3-BF4B-00C04F79EFBC}") = "Unity.2D.IK.Runtime", "Unity.2D.IK.Runtime.csproj", "{6796E127-70E9-3262-8895-D19F9015295C}"
EndProject
Project("{FAE04EC0-301F-11D3-BF4B-00C04F79EFBC}") = "Unity.VisualScripting.Flow.Editor", "Unity.VisualScripting.Flow.Editor.csproj", "{7A1B08E5-BEFE-0FB5-C77C-75790EB73E3B}"
EndProject
Project("{FAE04EC0-301F-11D3-BF4B-00C04F79EFBC}") = "UnityEditor.TestRunner", "UnityEditor.TestRunner.csproj", "{59CDA8C5-F57C-47AD-3878-3708B24D3AD6}"
EndProject
Project("{FAE04EC0-301F-11D3-BF4B-00C04F79EFBC}") = "Unity.VisualScripting.SettingsProvider.Editor", "Unity.VisualScripting.SettingsProvider.Editor.csproj", "{CDDD8B81-B81E-C1AB-0E87-CAB38BE3EE98}"
EndProject
Project("{FAE04EC0-301F-11D3-BF4B-00C04F79EFBC}") = "UnityEngine.TestRunner", "UnityEngine.TestRunner.csproj", "{432DCF09-03C7-1249-3D27-79E0E0768A67}"
EndProject
Project("{FAE04EC0-301F-11D3-BF4B-00C04F79EFBC}") = "PsdPlugin", "PsdPlugin.csproj", "{62D3D70F-C958-65F6-C8F9-9E7CF195A758}"
EndProject
Project("{FAE04EC0-301F-11D3-BF4B-00C04F79EFBC}") = "Unity.Burst", "Unity.Burst.csproj", "{63A0FDA8-E995-4E76-28BF-BB9F3405605F}"
EndProject
Project("{FAE04EC0-301F-11D3-BF4B-00C04F79EFBC}") = "UnityEngine.UI", "UnityEngine.UI.csproj", "{BEBE4BE0-D37B-E94D-0F6F-F449BDD897AA}"
EndProject
Project("{FAE04EC0-301F-11D3-BF4B-00C04F79EFBC}") = "Unity.Collections", "Unity.Collections.csproj", "{4ECA484E-00DC-67AF-9931-85C83C5187AC}"
EndProject
Project("{FAE04EC0-301F-11D3-BF4B-00C04F79EFBC}") = "Assembly-CSharp", "Assembly-CSharp.csproj", "{75B50023-DCB6-DF43-859C-711DEFFE604D}"
EndProject
Project("{FAE04EC0-301F-11D3-BF4B-00C04F79EFBC}") = "Unity.2D.SpriteShape.Editor", "Unity.2D.SpriteShape.Editor.csproj", "{38451D30-DFF4-934B-C20A-DA7C139DC428}"
EndProject
Project("{FAE04EC0-301F-11D3-BF4B-00C04F79EFBC}") = "Unity.VisualStudio.Editor", "Unity.VisualStudio.Editor.csproj", "{3E7F378B-A3BD-4B2F-8A73-4D7437FD7278}"
EndProject
Project("{FAE04EC0-301F-11D3-BF4B-00C04F79EFBC}") = "com.unity.cinemachine.editor", "com.unity.cinemachine.editor.csproj", "{00F4D383-1D73-10BD-EF35-549FAA4B0E1C}"
EndProject
Project("{FAE04EC0-301F-11D3-BF4B-00C04F79EFBC}") = "Unity.2D.Tilemap.Extras.Editor", "Unity.2D.Tilemap.Extras.Editor.csproj", "{65811528-3BB8-8C5E-AACC-2E30EA3B1508}"
EndProject
Project("{FAE04EC0-301F-11D3-BF4B-00C04F79EFBC}") = "Unity.Rider.Editor", "Unity.Rider.Editor.csproj", "{1315751E-1B68-BC8F-CD10-66E903AC10A5}"
EndProject
Project("{FAE04EC0-301F-11D3-BF4B-00C04F79EFBC}") = "Unity.Postprocessing.Runtime", "Unity.Postprocessing.Runtime.csproj", "{A375B7E5-3C1A-07A3-5412-C983F0771371}"
EndProject
Project("{FAE04EC0-301F-11D3-BF4B-00C04F79EFBC}") = "Unity.InternalAPIEditorBridge.001", "Unity.InternalAPIEditorBridge.001.csproj", "{C25C38D9-2B34-9352-2B22-2E51B70E0668}"
EndProject
Project("{FAE04EC0-301F-11D3-BF4B-00C04F79EFBC}") = "Unity.2D.SpriteShape.Runtime", "Unity.2D.SpriteShape.Runtime.csproj", "{63D97A20-810A-5BC1-7787-31C599A78DD7}"
EndProject
Project("{FAE04EC0-301F-11D3-BF4B-00C04F79EFBC}") = "Unity.CollabProxy.Editor", "Unity.CollabProxy.Editor.csproj", "{6FAD883B-1091-BF47-7223-802B3D27E85D}"
EndProject
Project("{FAE04EC0-301F-11D3-BF4B-00C04F79EFBC}") = "Unity.VisualScripting.State.Editor", "Unity.VisualScripting.State.Editor.csproj", "{BC8EF714-A450-3876-2CEA-4291BE79C6A0}"
EndProject
Project("{FAE04EC0-301F-11D3-BF4B-00C04F79EFBC}") = "Unity.2D.Animation.Runtime", "Unity.2D.Animation.Runtime.csproj", "{0436C28A-3EC0-2883-48C0-8703B6258397}"
EndProject
Project("{FAE04EC0-301F-11D3-BF4B-00C04F79EFBC}") = "Unity.Burst.CodeGen", "Unity.Burst.CodeGen.csproj", "{269B9E7F-FFA1-6E35-D3F0-DEC8A5CF2613}"
EndProject
Project("{FAE04EC0-301F-11D3-BF4B-00C04F79EFBC}") = "Unity.Postprocessing.Editor", "Unity.Postprocessing.Editor.csproj", "{D1419A83-B473-4081-8F30-49F100B74B8D}"
EndProject
Project("{FAE04EC0-301F-11D3-BF4B-00C04F79EFBC}") = "Unity.2D.Tilemap.Extras", "Unity.2D.Tilemap.Extras.csproj", "{28C6D25D-30F4-E308-D191-8488AF117DD3}"
EndProject
Project("{FAE04EC0-301F-11D3-BF4B-00C04F79EFBC}") = "Unity.VisualScripting.State", "Unity.VisualScripting.State.csproj", "{2F94552F-A139-0EA2-7C34-FC198E746EB7}"
EndProject
Project("{FAE04EC0-301F-11D3-BF4B-00C04F79EFBC}") = "Unity.TextMeshPro", "Unity.TextMeshPro.csproj", "{AE9F8383-4DA3-362D-0DEB-AD85401A8ECD}"
EndProject
Project("{FAE04EC0-301F-11D3-BF4B-00C04F79EFBC}") = "Unity.InputSystem.TestFramework", "Unity.InputSystem.TestFramework.csproj", "{3BAFBD90-BF0A-806D-45C7-77A9963F90B1}"
EndProject
Project("{FAE04EC0-301F-11D3-BF4B-00C04F79EFBC}") = "Unity.2D.Aseprite.Common", "Unity.2D.Aseprite.Common.csproj", "{A2C719B8-8F65-A70C-E1A4-A5EA974DD7BD}"
EndProject
Project("{FAE04EC0-301F-11D3-BF4B-00C04F79EFBC}") = "Unity.2D.IK.Editor", "Unity.2D.IK.Editor.csproj", "{7CD2F8E9-4D14-3C0D-ECE4-3303BB21C1D5}"
EndProject
Project("{FAE04EC0-301F-11D3-BF4B-00C04F79EFBC}") = "Unity.InternalAPIEngineBridge.001", "Unity.InternalAPIEngineBridge.001.csproj", "{D527EC52-0FCF-AE02-C7E8-634F41B1C74D}"
EndProject
Project("{FAE04EC0-301F-11D3-BF4B-00C04F79EFBC}") = "Unity.Burst.Editor", "Unity.Burst.Editor.csproj", "{42C4E6BF-88A5-1CB8-8E34-1EFC2684276E}"
EndProject
Project("{FAE04EC0-301F-11D3-BF4B-00C04F79EFBC}") = "Unity.2D.Common.Editor", "Unity.2D.Common.Editor.csproj", "{B776EDFF-3EDD-AEF9-F578-AF619DAC2924}"
EndProject
Project("{FAE04EC0-301F-11D3-BF4B-00C04F79EFBC}") = "Unity.2D.Sprite.Editor", "Unity.2D.Sprite.Editor.csproj", "{221AB752-262F-D4D2-A418-9B4AE8D6FB3D}"
EndProject
Project("{FAE04EC0-301F-11D3-BF4B-00C04F79EFBC}") = "Unity.2D.PixelPerfect", "Unity.2D.PixelPerfect.csproj", "{0378A1E6-E396-A9AB-84AB-A04917FF8E00}"
EndProject
Project("{FAE04EC0-301F-11D3-BF4B-00C04F79EFBC}") = "Unity.2D.PixelPerfect.Editor", "Unity.2D.PixelPerfect.Editor.csproj", "{27B6C9F6-36B7-F524-7F00-C072F251F38B}"
EndProject
Project("{FAE04EC0-301F-11D3-BF4B-00C04F79EFBC}") = "Unity.2D.Common.Runtime", "Unity.2D.Common.Runtime.csproj", "{674B5FF9-AB62-5E8E-7FD4-D69321ED8463}"
EndProject
Project("{FAE04EC0-301F-11D3-BF4B-00C04F79EFBC}") = "Unity.InputSystem.ForUI", "Unity.InputSystem.ForUI.csproj", "{2296966C-F9DC-553F-0CD7-C7BD6453C874}"
EndProject
Project("{FAE04EC0-301F-11D3-BF4B-00C04F79EFBC}") = "Unity.Mathematics.Editor", "Unity.Mathematics.Editor.csproj", "{1C757236-F1B0-ABAC-BAE2-946DB9E54BC9}"
EndProject
Project("{FAE04EC0-301F-11D3-BF4B-00C04F79EFBC}") = "Unity.Collections.BurstCompatibilityGen", "Unity.Collections.BurstCompatibilityGen.csproj", "{53983CEF-ED94-BDAA-DBFD-A4E16E6FEE18}"
EndProject
Project("{FAE04EC0-301F-11D3-BF4B-00C04F79EFBC}") = "Unity.VisualScripting.Shared.Editor", "Unity.VisualScripting.Shared.Editor.csproj", "{5C4151B6-7400-253B-4BB8-56304DAB329E}"
EndProject
Project("{FAE04EC0-301F-11D3-BF4B-00C04F79EFBC}") = "Unity.Collections.DocCodeSamples", "Unity.Collections.DocCodeSamples.csproj", "{FD1E06BC-DB2A-1DC4-6D4F-83CB1AF5D157}"
EndProject
Global
	GlobalSection(SolutionConfigurationPlatforms) = preSolution
		Debug|Any CPU = Debug|Any CPU
		Release|Any CPU = Release|Any CPU
	EndGlobalSection
	GlobalSection(ProjectConfigurationPlatforms) = postSolution
		{C37BE60F-0931-85FD-1B6A-EC7600E4C33D}.Debug|Any CPU.ActiveCfg = Debug|Any CPU
		{C37BE60F-0931-85FD-1B6A-EC7600E4C33D}.Debug|Any CPU.Build.0 = Debug|Any CPU
		{C37BE60F-0931-85FD-1B6A-EC7600E4C33D}.Release|Any CPU.ActiveCfg = Release|Any CPU
		{C37BE60F-0931-85FD-1B6A-EC7600E4C33D}.Release|Any CPU.Build.0 = Release|Any CPU
		{F4EC942D-AF3F-4F28-08EB-5093CB05CF22}.Debug|Any CPU.ActiveCfg = Debug|Any CPU
		{F4EC942D-AF3F-4F28-08EB-5093CB05CF22}.Debug|Any CPU.Build.0 = Debug|Any CPU
		{F4EC942D-AF3F-4F28-08EB-5093CB05CF22}.Release|Any CPU.ActiveCfg = Release|Any CPU
		{F4EC942D-AF3F-4F28-08EB-5093CB05CF22}.Release|Any CPU.Build.0 = Release|Any CPU
		{947D07DB-159A-3E0B-9F86-B12709F8F541}.Debug|Any CPU.ActiveCfg = Debug|Any CPU
		{947D07DB-159A-3E0B-9F86-B12709F8F541}.Debug|Any CPU.Build.0 = Debug|Any CPU
		{947D07DB-159A-3E0B-9F86-B12709F8F541}.Release|Any CPU.ActiveCfg = Release|Any CPU
		{947D07DB-159A-3E0B-9F86-B12709F8F541}.Release|Any CPU.Build.0 = Release|Any CPU
		{DCB73260-EED3-CE7C-7207-9B8F16A0D20A}.Debug|Any CPU.ActiveCfg = Debug|Any CPU
		{DCB73260-EED3-CE7C-7207-9B8F16A0D20A}.Debug|Any CPU.Build.0 = Debug|Any CPU
		{DCB73260-EED3-CE7C-7207-9B8F16A0D20A}.Release|Any CPU.ActiveCfg = Release|Any CPU
		{DCB73260-EED3-CE7C-7207-9B8F16A0D20A}.Release|Any CPU.Build.0 = Release|Any CPU
		{D21B9F4C-852B-8FFF-8D5A-6818011FF2CA}.Debug|Any CPU.ActiveCfg = Debug|Any CPU
		{D21B9F4C-852B-8FFF-8D5A-6818011FF2CA}.Debug|Any CPU.Build.0 = Debug|Any CPU
		{D21B9F4C-852B-8FFF-8D5A-6818011FF2CA}.Release|Any CPU.ActiveCfg = Release|Any CPU
		{D21B9F4C-852B-8FFF-8D5A-6818011FF2CA}.Release|Any CPU.Build.0 = Release|Any CPU
		{E479A0C9-BA8D-ABE3-6FD0-4D682DD66A73}.Debug|Any CPU.ActiveCfg = Debug|Any CPU
		{E479A0C9-BA8D-ABE3-6FD0-4D682DD66A73}.Debug|Any CPU.Build.0 = Debug|Any CPU
		{E479A0C9-BA8D-ABE3-6FD0-4D682DD66A73}.Release|Any CPU.ActiveCfg = Release|Any CPU
		{E479A0C9-BA8D-ABE3-6FD0-4D682DD66A73}.Release|Any CPU.Build.0 = Release|Any CPU
		{7C911DA4-2B30-DB75-E6C8-F0710BC4B96B}.Debug|Any CPU.ActiveCfg = Debug|Any CPU
		{7C911DA4-2B30-DB75-E6C8-F0710BC4B96B}.Debug|Any CPU.Build.0 = Debug|Any CPU
		{7C911DA4-2B30-DB75-E6C8-F0710BC4B96B}.Release|Any CPU.ActiveCfg = Release|Any CPU
		{7C911DA4-2B30-DB75-E6C8-F0710BC4B96B}.Release|Any CPU.Build.0 = Release|Any CPU
		{51A1569B-51CB-2B0D-4979-9BCD4498DF21}.Debug|Any CPU.ActiveCfg = Debug|Any CPU
		{51A1569B-51CB-2B0D-4979-9BCD4498DF21}.Debug|Any CPU.Build.0 = Debug|Any CPU
		{51A1569B-51CB-2B0D-4979-9BCD4498DF21}.Release|Any CPU.ActiveCfg = Release|Any CPU
		{51A1569B-51CB-2B0D-4979-9BCD4498DF21}.Release|Any CPU.Build.0 = Release|Any CPU
		{6D40385E-1412-E554-0E11-1901F94C43C8}.Debug|Any CPU.ActiveCfg = Debug|Any CPU
		{6D40385E-1412-E554-0E11-1901F94C43C8}.Debug|Any CPU.Build.0 = Debug|Any CPU
		{6D40385E-1412-E554-0E11-1901F94C43C8}.Release|Any CPU.ActiveCfg = Release|Any CPU
		{6D40385E-1412-E554-0E11-1901F94C43C8}.Release|Any CPU.Build.0 = Release|Any CPU
		{0F003DC6-72A2-4380-CFF8-8628F3FAE2BD}.Debug|Any CPU.ActiveCfg = Debug|Any CPU
		{0F003DC6-72A2-4380-CFF8-8628F3FAE2BD}.Debug|Any CPU.Build.0 = Debug|Any CPU
		{0F003DC6-72A2-4380-CFF8-8628F3FAE2BD}.Release|Any CPU.ActiveCfg = Release|Any CPU
		{0F003DC6-72A2-4380-CFF8-8628F3FAE2BD}.Release|Any CPU.Build.0 = Release|Any CPU
		{8BB713FE-0287-3E0B-53DD-C8A6EBD5F8A3}.Debug|Any CPU.ActiveCfg = Debug|Any CPU
		{8BB713FE-0287-3E0B-53DD-C8A6EBD5F8A3}.Debug|Any CPU.Build.0 = Debug|Any CPU
		{8BB713FE-0287-3E0B-53DD-C8A6EBD5F8A3}.Release|Any CPU.ActiveCfg = Release|Any CPU
		{8BB713FE-0287-3E0B-53DD-C8A6EBD5F8A3}.Release|Any CPU.Build.0 = Release|Any CPU
		{6DD864ED-4BB7-8DEE-FBBE-F76DF2AE5F82}.Debug|Any CPU.ActiveCfg = Debug|Any CPU
		{6DD864ED-4BB7-8DEE-FBBE-F76DF2AE5F82}.Debug|Any CPU.Build.0 = Debug|Any CPU
		{6DD864ED-4BB7-8DEE-FBBE-F76DF2AE5F82}.Release|Any CPU.ActiveCfg = Release|Any CPU
		{6DD864ED-4BB7-8DEE-FBBE-F76DF2AE5F82}.Release|Any CPU.Build.0 = Release|Any CPU
		{BD91B864-DBA6-86AB-DAB7-56BB5461EBCD}.Debug|Any CPU.ActiveCfg = Debug|Any CPU
		{BD91B864-DBA6-86AB-DAB7-56BB5461EBCD}.Debug|Any CPU.Build.0 = Debug|Any CPU
		{BD91B864-DBA6-86AB-DAB7-56BB5461EBCD}.Release|Any CPU.ActiveCfg = Release|Any CPU
		{BD91B864-DBA6-86AB-DAB7-56BB5461EBCD}.Release|Any CPU.Build.0 = Release|Any CPU
		{27C68D2D-A85F-6714-AE2D-6993C41DB5DF}.Debug|Any CPU.ActiveCfg = Debug|Any CPU
		{27C68D2D-A85F-6714-AE2D-6993C41DB5DF}.Debug|Any CPU.Build.0 = Debug|Any CPU
		{27C68D2D-A85F-6714-AE2D-6993C41DB5DF}.Release|Any CPU.ActiveCfg = Release|Any CPU
		{27C68D2D-A85F-6714-AE2D-6993C41DB5DF}.Release|Any CPU.Build.0 = Release|Any CPU
		{5D25D0A2-ABF3-7583-31F3-6DACBBE5B144}.Debug|Any CPU.ActiveCfg = Debug|Any CPU
		{5D25D0A2-ABF3-7583-31F3-6DACBBE5B144}.Debug|Any CPU.Build.0 = Debug|Any CPU
		{5D25D0A2-ABF3-7583-31F3-6DACBBE5B144}.Release|Any CPU.ActiveCfg = Release|Any CPU
		{5D25D0A2-ABF3-7583-31F3-6DACBBE5B144}.Release|Any CPU.Build.0 = Release|Any CPU
		{E5E06494-48EF-6AFE-466F-8ABDCEB492A0}.Debug|Any CPU.ActiveCfg = Debug|Any CPU
		{E5E06494-48EF-6AFE-466F-8ABDCEB492A0}.Debug|Any CPU.Build.0 = Debug|Any CPU
		{E5E06494-48EF-6AFE-466F-8ABDCEB492A0}.Release|Any CPU.ActiveCfg = Release|Any CPU
		{E5E06494-48EF-6AFE-466F-8ABDCEB492A0}.Release|Any CPU.Build.0 = Release|Any CPU
		{42BB33DE-5589-BBB5-6826-5ED21C5B3751}.Debug|Any CPU.ActiveCfg = Debug|Any CPU
		{42BB33DE-5589-BBB5-6826-5ED21C5B3751}.Debug|Any CPU.Build.0 = Debug|Any CPU
		{42BB33DE-5589-BBB5-6826-5ED21C5B3751}.Release|Any CPU.ActiveCfg = Release|Any CPU
		{42BB33DE-5589-BBB5-6826-5ED21C5B3751}.Release|Any CPU.Build.0 = Release|Any CPU
		{6796E127-70E9-3262-8895-D19F9015295C}.Debug|Any CPU.ActiveCfg = Debug|Any CPU
		{6796E127-70E9-3262-8895-D19F9015295C}.Debug|Any CPU.Build.0 = Debug|Any CPU
		{6796E127-70E9-3262-8895-D19F9015295C}.Release|Any CPU.ActiveCfg = Release|Any CPU
		{6796E127-70E9-3262-8895-D19F9015295C}.Release|Any CPU.Build.0 = Release|Any CPU
		{7A1B08E5-BEFE-0FB5-C77C-75790EB73E3B}.Debug|Any CPU.ActiveCfg = Debug|Any CPU
		{7A1B08E5-BEFE-0FB5-C77C-75790EB73E3B}.Debug|Any CPU.Build.0 = Debug|Any CPU
		{7A1B08E5-BEFE-0FB5-C77C-75790EB73E3B}.Release|Any CPU.ActiveCfg = Release|Any CPU
		{7A1B08E5-BEFE-0FB5-C77C-75790EB73E3B}.Release|Any CPU.Build.0 = Release|Any CPU
		{59CDA8C5-F57C-47AD-3878-3708B24D3AD6}.Debug|Any CPU.ActiveCfg = Debug|Any CPU
		{59CDA8C5-F57C-47AD-3878-3708B24D3AD6}.Debug|Any CPU.Build.0 = Debug|Any CPU
		{59CDA8C5-F57C-47AD-3878-3708B24D3AD6}.Release|Any CPU.ActiveCfg = Release|Any CPU
		{59CDA8C5-F57C-47AD-3878-3708B24D3AD6}.Release|Any CPU.Build.0 = Release|Any CPU
		{CDDD8B81-B81E-C1AB-0E87-CAB38BE3EE98}.Debug|Any CPU.ActiveCfg = Debug|Any CPU
		{CDDD8B81-B81E-C1AB-0E87-CAB38BE3EE98}.Debug|Any CPU.Build.0 = Debug|Any CPU
		{CDDD8B81-B81E-C1AB-0E87-CAB38BE3EE98}.Release|Any CPU.ActiveCfg = Release|Any CPU
		{CDDD8B81-B81E-C1AB-0E87-CAB38BE3EE98}.Release|Any CPU.Build.0 = Release|Any CPU
		{432DCF09-03C7-1249-3D27-79E0E0768A67}.Debug|Any CPU.ActiveCfg = Debug|Any CPU
		{432DCF09-03C7-1249-3D27-79E0E0768A67}.Debug|Any CPU.Build.0 = Debug|Any CPU
		{432DCF09-03C7-1249-3D27-79E0E0768A67}.Release|Any CPU.ActiveCfg = Release|Any CPU
		{432DCF09-03C7-1249-3D27-79E0E0768A67}.Release|Any CPU.Build.0 = Release|Any CPU
		{62D3D70F-C958-65F6-C8F9-9E7CF195A758}.Debug|Any CPU.ActiveCfg = Debug|Any CPU
		{62D3D70F-C958-65F6-C8F9-9E7CF195A758}.Debug|Any CPU.Build.0 = Debug|Any CPU
		{62D3D70F-C958-65F6-C8F9-9E7CF195A758}.Release|Any CPU.ActiveCfg = Release|Any CPU
		{62D3D70F-C958-65F6-C8F9-9E7CF195A758}.Release|Any CPU.Build.0 = Release|Any CPU
		{63A0FDA8-E995-4E76-28BF-BB9F3405605F}.Debug|Any CPU.ActiveCfg = Debug|Any CPU
		{63A0FDA8-E995-4E76-28BF-BB9F3405605F}.Debug|Any CPU.Build.0 = Debug|Any CPU
		{63A0FDA8-E995-4E76-28BF-BB9F3405605F}.Release|Any CPU.ActiveCfg = Release|Any CPU
		{63A0FDA8-E995-4E76-28BF-BB9F3405605F}.Release|Any CPU.Build.0 = Release|Any CPU
		{BEBE4BE0-D37B-E94D-0F6F-F449BDD897AA}.Debug|Any CPU.ActiveCfg = Debug|Any CPU
		{BEBE4BE0-D37B-E94D-0F6F-F449BDD897AA}.Debug|Any CPU.Build.0 = Debug|Any CPU
		{BEBE4BE0-D37B-E94D-0F6F-F449BDD897AA}.Release|Any CPU.ActiveCfg = Release|Any CPU
		{BEBE4BE0-D37B-E94D-0F6F-F449BDD897AA}.Release|Any CPU.Build.0 = Release|Any CPU
		{4ECA484E-00DC-67AF-9931-85C83C5187AC}.Debug|Any CPU.ActiveCfg = Debug|Any CPU
		{4ECA484E-00DC-67AF-9931-85C83C5187AC}.Debug|Any CPU.Build.0 = Debug|Any CPU
		{4ECA484E-00DC-67AF-9931-85C83C5187AC}.Release|Any CPU.ActiveCfg = Release|Any CPU
		{4ECA484E-00DC-67AF-9931-85C83C5187AC}.Release|Any CPU.Build.0 = Release|Any CPU
		{75B50023-DCB6-DF43-859C-711DEFFE604D}.Debug|Any CPU.ActiveCfg = Debug|Any CPU
		{75B50023-DCB6-DF43-859C-711DEFFE604D}.Debug|Any CPU.Build.0 = Debug|Any CPU
		{75B50023-DCB6-DF43-859C-711DEFFE604D}.Release|Any CPU.ActiveCfg = Release|Any CPU
		{75B50023-DCB6-DF43-859C-711DEFFE604D}.Release|Any CPU.Build.0 = Release|Any CPU
		{38451D30-DFF4-934B-C20A-DA7C139DC428}.Debug|Any CPU.ActiveCfg = Debug|Any CPU
		{38451D30-DFF4-934B-C20A-DA7C139DC428}.Debug|Any CPU.Build.0 = Debug|Any CPU
		{38451D30-DFF4-934B-C20A-DA7C139DC428}.Release|Any CPU.ActiveCfg = Release|Any CPU
		{38451D30-DFF4-934B-C20A-DA7C139DC428}.Release|Any CPU.Build.0 = Release|Any CPU
		{3E7F378B-A3BD-4B2F-8A73-4D7437FD7278}.Debug|Any CPU.ActiveCfg = Debug|Any CPU
		{3E7F378B-A3BD-4B2F-8A73-4D7437FD7278}.Debug|Any CPU.Build.0 = Debug|Any CPU
		{3E7F378B-A3BD-4B2F-8A73-4D7437FD7278}.Release|Any CPU.ActiveCfg = Release|Any CPU
		{3E7F378B-A3BD-4B2F-8A73-4D7437FD7278}.Release|Any CPU.Build.0 = Release|Any CPU
		{00F4D383-1D73-10BD-EF35-549FAA4B0E1C}.Debug|Any CPU.ActiveCfg = Debug|Any CPU
		{00F4D383-1D73-10BD-EF35-549FAA4B0E1C}.Debug|Any CPU.Build.0 = Debug|Any CPU
		{00F4D383-1D73-10BD-EF35-549FAA4B0E1C}.Release|Any CPU.ActiveCfg = Release|Any CPU
		{00F4D383-1D73-10BD-EF35-549FAA4B0E1C}.Release|Any CPU.Build.0 = Release|Any CPU
		{65811528-3BB8-8C5E-AACC-2E30EA3B1508}.Debug|Any CPU.ActiveCfg = Debug|Any CPU
		{65811528-3BB8-8C5E-AACC-2E30EA3B1508}.Debug|Any CPU.Build.0 = Debug|Any CPU
		{65811528-3BB8-8C5E-AACC-2E30EA3B1508}.Release|Any CPU.ActiveCfg = Release|Any CPU
		{65811528-3BB8-8C5E-AACC-2E30EA3B1508}.Release|Any CPU.Build.0 = Release|Any CPU
		{1315751E-1B68-BC8F-CD10-66E903AC10A5}.Debug|Any CPU.ActiveCfg = Debug|Any CPU
		{1315751E-1B68-BC8F-CD10-66E903AC10A5}.Debug|Any CPU.Build.0 = Debug|Any CPU
		{1315751E-1B68-BC8F-CD10-66E903AC10A5}.Release|Any CPU.ActiveCfg = Release|Any CPU
		{1315751E-1B68-BC8F-CD10-66E903AC10A5}.Release|Any CPU.Build.0 = Release|Any CPU
		{A375B7E5-3C1A-07A3-5412-C983F0771371}.Debug|Any CPU.ActiveCfg = Debug|Any CPU
		{A375B7E5-3C1A-07A3-5412-C983F0771371}.Debug|Any CPU.Build.0 = Debug|Any CPU
		{A375B7E5-3C1A-07A3-5412-C983F0771371}.Release|Any CPU.ActiveCfg = Release|Any CPU
		{A375B7E5-3C1A-07A3-5412-C983F0771371}.Release|Any CPU.Build.0 = Release|Any CPU
		{C25C38D9-2B34-9352-2B22-2E51B70E0668}.Debug|Any CPU.ActiveCfg = Debug|Any CPU
		{C25C38D9-2B34-9352-2B22-2E51B70E0668}.Debug|Any CPU.Build.0 = Debug|Any CPU
		{C25C38D9-2B34-9352-2B22-2E51B70E0668}.Release|Any CPU.ActiveCfg = Release|Any CPU
		{C25C38D9-2B34-9352-2B22-2E51B70E0668}.Release|Any CPU.Build.0 = Release|Any CPU
		{63D97A20-810A-5BC1-7787-31C599A78DD7}.Debug|Any CPU.ActiveCfg = Debug|Any CPU
		{63D97A20-810A-5BC1-7787-31C599A78DD7}.Debug|Any CPU.Build.0 = Debug|Any CPU
		{63D97A20-810A-5BC1-7787-31C599A78DD7}.Release|Any CPU.ActiveCfg = Release|Any CPU
		{63D97A20-810A-5BC1-7787-31C599A78DD7}.Release|Any CPU.Build.0 = Release|Any CPU
		{6FAD883B-1091-BF47-7223-802B3D27E85D}.Debug|Any CPU.ActiveCfg = Debug|Any CPU
		{6FAD883B-1091-BF47-7223-802B3D27E85D}.Debug|Any CPU.Build.0 = Debug|Any CPU
		{6FAD883B-1091-BF47-7223-802B3D27E85D}.Release|Any CPU.ActiveCfg = Release|Any CPU
		{6FAD883B-1091-BF47-7223-802B3D27E85D}.Release|Any CPU.Build.0 = Release|Any CPU
		{BC8EF714-A450-3876-2CEA-4291BE79C6A0}.Debug|Any CPU.ActiveCfg = Debug|Any CPU
		{BC8EF714-A450-3876-2CEA-4291BE79C6A0}.Debug|Any CPU.Build.0 = Debug|Any CPU
		{BC8EF714-A450-3876-2CEA-4291BE79C6A0}.Release|Any CPU.ActiveCfg = Release|Any CPU
		{BC8EF714-A450-3876-2CEA-4291BE79C6A0}.Release|Any CPU.Build.0 = Release|Any CPU
		{0436C28A-3EC0-2883-48C0-8703B6258397}.Debug|Any CPU.ActiveCfg = Debug|Any CPU
		{0436C28A-3EC0-2883-48C0-8703B6258397}.Debug|Any CPU.Build.0 = Debug|Any CPU
		{0436C28A-3EC0-2883-48C0-8703B6258397}.Release|Any CPU.ActiveCfg = Release|Any CPU
		{0436C28A-3EC0-2883-48C0-8703B6258397}.Release|Any CPU.Build.0 = Release|Any CPU
		{269B9E7F-FFA1-6E35-D3F0-DEC8A5CF2613}.Debug|Any CPU.ActiveCfg = Debug|Any CPU
		{269B9E7F-FFA1-6E35-D3F0-DEC8A5CF2613}.Debug|Any CPU.Build.0 = Debug|Any CPU
		{269B9E7F-FFA1-6E35-D3F0-DEC8A5CF2613}.Release|Any CPU.ActiveCfg = Release|Any CPU
		{269B9E7F-FFA1-6E35-D3F0-DEC8A5CF2613}.Release|Any CPU.Build.0 = Release|Any CPU
		{D1419A83-B473-4081-8F30-49F100B74B8D}.Debug|Any CPU.ActiveCfg = Debug|Any CPU
		{D1419A83-B473-4081-8F30-49F100B74B8D}.Debug|Any CPU.Build.0 = Debug|Any CPU
		{D1419A83-B473-4081-8F30-49F100B74B8D}.Release|Any CPU.ActiveCfg = Release|Any CPU
		{D1419A83-B473-4081-8F30-49F100B74B8D}.Release|Any CPU.Build.0 = Release|Any CPU
		{28C6D25D-30F4-E308-D191-8488AF117DD3}.Debug|Any CPU.ActiveCfg = Debug|Any CPU
		{28C6D25D-30F4-E308-D191-8488AF117DD3}.Debug|Any CPU.Build.0 = Debug|Any CPU
		{28C6D25D-30F4-E308-D191-8488AF117DD3}.Release|Any CPU.ActiveCfg = Release|Any CPU
		{28C6D25D-30F4-E308-D191-8488AF117DD3}.Release|Any CPU.Build.0 = Release|Any CPU
		{2F94552F-A139-0EA2-7C34-FC198E746EB7}.Debug|Any CPU.ActiveCfg = Debug|Any CPU
		{2F94552F-A139-0EA2-7C34-FC198E746EB7}.Debug|Any CPU.Build.0 = Debug|Any CPU
		{2F94552F-A139-0EA2-7C34-FC198E746EB7}.Release|Any CPU.ActiveCfg = Release|Any CPU
		{2F94552F-A139-0EA2-7C34-FC198E746EB7}.Release|Any CPU.Build.0 = Release|Any CPU
		{AE9F8383-4DA3-362D-0DEB-AD85401A8ECD}.Debug|Any CPU.ActiveCfg = Debug|Any CPU
		{AE9F8383-4DA3-362D-0DEB-AD85401A8ECD}.Debug|Any CPU.Build.0 = Debug|Any CPU
		{AE9F8383-4DA3-362D-0DEB-AD85401A8ECD}.Release|Any CPU.ActiveCfg = Release|Any CPU
		{AE9F8383-4DA3-362D-0DEB-AD85401A8ECD}.Release|Any CPU.Build.0 = Release|Any CPU
		{3BAFBD90-BF0A-806D-45C7-77A9963F90B1}.Debug|Any CPU.ActiveCfg = Debug|Any CPU
		{3BAFBD90-BF0A-806D-45C7-77A9963F90B1}.Debug|Any CPU.Build.0 = Debug|Any CPU
		{3BAFBD90-BF0A-806D-45C7-77A9963F90B1}.Release|Any CPU.ActiveCfg = Release|Any CPU
		{3BAFBD90-BF0A-806D-45C7-77A9963F90B1}.Release|Any CPU.Build.0 = Release|Any CPU
		{A2C719B8-8F65-A70C-E1A4-A5EA974DD7BD}.Debug|Any CPU.ActiveCfg = Debug|Any CPU
		{A2C719B8-8F65-A70C-E1A4-A5EA974DD7BD}.Debug|Any CPU.Build.0 = Debug|Any CPU
		{A2C719B8-8F65-A70C-E1A4-A5EA974DD7BD}.Release|Any CPU.ActiveCfg = Release|Any CPU
		{A2C719B8-8F65-A70C-E1A4-A5EA974DD7BD}.Release|Any CPU.Build.0 = Release|Any CPU
		{7CD2F8E9-4D14-3C0D-ECE4-3303BB21C1D5}.Debug|Any CPU.ActiveCfg = Debug|Any CPU
		{7CD2F8E9-4D14-3C0D-ECE4-3303BB21C1D5}.Debug|Any CPU.Build.0 = Debug|Any CPU
		{7CD2F8E9-4D14-3C0D-ECE4-3303BB21C1D5}.Release|Any CPU.ActiveCfg = Release|Any CPU
		{7CD2F8E9-4D14-3C0D-ECE4-3303BB21C1D5}.Release|Any CPU.Build.0 = Release|Any CPU
		{D527EC52-0FCF-AE02-C7E8-634F41B1C74D}.Debug|Any CPU.ActiveCfg = Debug|Any CPU
		{D527EC52-0FCF-AE02-C7E8-634F41B1C74D}.Debug|Any CPU.Build.0 = Debug|Any CPU
		{D527EC52-0FCF-AE02-C7E8-634F41B1C74D}.Release|Any CPU.ActiveCfg = Release|Any CPU
		{D527EC52-0FCF-AE02-C7E8-634F41B1C74D}.Release|Any CPU.Build.0 = Release|Any CPU
		{42C4E6BF-88A5-1CB8-8E34-1EFC2684276E}.Debug|Any CPU.ActiveCfg = Debug|Any CPU
		{42C4E6BF-88A5-1CB8-8E34-1EFC2684276E}.Debug|Any CPU.Build.0 = Debug|Any CPU
		{42C4E6BF-88A5-1CB8-8E34-1EFC2684276E}.Release|Any CPU.ActiveCfg = Release|Any CPU
		{42C4E6BF-88A5-1CB8-8E34-1EFC2684276E}.Release|Any CPU.Build.0 = Release|Any CPU
		{B776EDFF-3EDD-AEF9-F578-AF619DAC2924}.Debug|Any CPU.ActiveCfg = Debug|Any CPU
		{B776EDFF-3EDD-AEF9-F578-AF619DAC2924}.Debug|Any CPU.Build.0 = Debug|Any CPU
		{B776EDFF-3EDD-AEF9-F578-AF619DAC2924}.Release|Any CPU.ActiveCfg = Release|Any CPU
		{B776EDFF-3EDD-AEF9-F578-AF619DAC2924}.Release|Any CPU.Build.0 = Release|Any CPU
		{221AB752-262F-D4D2-A418-9B4AE8D6FB3D}.Debug|Any CPU.ActiveCfg = Debug|Any CPU
		{221AB752-262F-D4D2-A418-9B4AE8D6FB3D}.Debug|Any CPU.Build.0 = Debug|Any CPU
		{221AB752-262F-D4D2-A418-9B4AE8D6FB3D}.Release|Any CPU.ActiveCfg = Release|Any CPU
		{221AB752-262F-D4D2-A418-9B4AE8D6FB3D}.Release|Any CPU.Build.0 = Release|Any CPU
		{0378A1E6-E396-A9AB-84AB-A04917FF8E00}.Debug|Any CPU.ActiveCfg = Debug|Any CPU
		{0378A1E6-E396-A9AB-84AB-A04917FF8E00}.Debug|Any CPU.Build.0 = Debug|Any CPU
		{0378A1E6-E396-A9AB-84AB-A04917FF8E00}.Release|Any CPU.ActiveCfg = Release|Any CPU
		{0378A1E6-E396-A9AB-84AB-A04917FF8E00}.Release|Any CPU.Build.0 = Release|Any CPU
		{27B6C9F6-36B7-F524-7F00-C072F251F38B}.Debug|Any CPU.ActiveCfg = Debug|Any CPU
		{27B6C9F6-36B7-F524-7F00-C072F251F38B}.Debug|Any CPU.Build.0 = Debug|Any CPU
		{27B6C9F6-36B7-F524-7F00-C072F251F38B}.Release|Any CPU.ActiveCfg = Release|Any CPU
		{27B6C9F6-36B7-F524-7F00-C072F251F38B}.Release|Any CPU.Build.0 = Release|Any CPU
		{674B5FF9-AB62-5E8E-7FD4-D69321ED8463}.Debug|Any CPU.ActiveCfg = Debug|Any CPU
		{674B5FF9-AB62-5E8E-7FD4-D69321ED8463}.Debug|Any CPU.Build.0 = Debug|Any CPU
		{674B5FF9-AB62-5E8E-7FD4-D69321ED8463}.Release|Any CPU.ActiveCfg = Release|Any CPU
		{674B5FF9-AB62-5E8E-7FD4-D69321ED8463}.Release|Any CPU.Build.0 = Release|Any CPU
		{2296966C-F9DC-553F-0CD7-C7BD6453C874}.Debug|Any CPU.ActiveCfg = Debug|Any CPU
		{2296966C-F9DC-553F-0CD7-C7BD6453C874}.Debug|Any CPU.Build.0 = Debug|Any CPU
		{2296966C-F9DC-553F-0CD7-C7BD6453C874}.Release|Any CPU.ActiveCfg = Release|Any CPU
		{2296966C-F9DC-553F-0CD7-C7BD6453C874}.Release|Any CPU.Build.0 = Release|Any CPU
		{1C757236-F1B0-ABAC-BAE2-946DB9E54BC9}.Debug|Any CPU.ActiveCfg = Debug|Any CPU
		{1C757236-F1B0-ABAC-BAE2-946DB9E54BC9}.Debug|Any CPU.Build.0 = Debug|Any CPU
		{1C757236-F1B0-ABAC-BAE2-946DB9E54BC9}.Release|Any CPU.ActiveCfg = Release|Any CPU
		{1C757236-F1B0-ABAC-BAE2-946DB9E54BC9}.Release|Any CPU.Build.0 = Release|Any CPU
		{53983CEF-ED94-BDAA-DBFD-A4E16E6FEE18}.Debug|Any CPU.ActiveCfg = Debug|Any CPU
		{53983CEF-ED94-BDAA-DBFD-A4E16E6FEE18}.Debug|Any CPU.Build.0 = Debug|Any CPU
		{53983CEF-ED94-BDAA-DBFD-A4E16E6FEE18}.Release|Any CPU.ActiveCfg = Release|Any CPU
		{53983CEF-ED94-BDAA-DBFD-A4E16E6FEE18}.Release|Any CPU.Build.0 = Release|Any CPU
		{5C4151B6-7400-253B-4BB8-56304DAB329E}.Debug|Any CPU.ActiveCfg = Debug|Any CPU
		{5C4151B6-7400-253B-4BB8-56304DAB329E}.Debug|Any CPU.Build.0 = Debug|Any CPU
		{5C4151B6-7400-253B-4BB8-56304DAB329E}.Release|Any CPU.ActiveCfg = Release|Any CPU
		{5C4151B6-7400-253B-4BB8-56304DAB329E}.Release|Any CPU.Build.0 = Release|Any CPU
		{FD1E06BC-DB2A-1DC4-6D4F-83CB1AF5D157}.Debug|Any CPU.ActiveCfg = Debug|Any CPU
		{FD1E06BC-DB2A-1DC4-6D4F-83CB1AF5D157}.Debug|Any CPU.Build.0 = Debug|Any CPU
		{FD1E06BC-DB2A-1DC4-6D4F-83CB1AF5D157}.Release|Any CPU.ActiveCfg = Release|Any CPU
		{FD1E06BC-DB2A-1DC4-6D4F-83CB1AF5D157}.Release|Any CPU.Build.0 = Release|Any CPU
	EndGlobalSection
	GlobalSection(SolutionProperties) = preSolution
		HideSolutionNode = FALSE
	EndGlobalSection
EndGlobal
